
Microsoft Visual Studio Solution File, Format Version 12.00
# Visual Studio Version 17
VisualStudioVersion = 17.2.32516.85
MinimumVisualStudioVersion = 10.0.40219.1
Project("{9A19103F-16F7-4668-BE54-9A1E7A4F7556}") = "ConsoleExample", "ConsoleExample\ConsoleExample.csproj", "{353587FE-812C-48E9-A95E-DE19DE21B088}"
EndProject
Project("{9A19103F-16F7-4668-BE54-9A1E7A4F7556}") = "ConsoleExample.Domain", "ConsoleExample.Domain\ConsoleExample.Domain.csproj", "{90046E48-CB37-476E-8473-B5E06F86CE5F}"
EndProject
Project("{9A19103F-16F7-4668-BE54-9A1E7A4F7556}") = "ConsoleExample.Persistence", "ConsoleExample.Persistence\ConsoleExample.Persistence.csproj", "{FFE358BA-BDFA-4770-8DFC-71958BB52D99}"
EndProject
Global
	GlobalSection(SolutionConfigurationPlatforms) = preSolution
		Debug|Any CPU = Debug|Any CPU
		Release|Any CPU = Release|Any CPU
	EndGlobalSection
	GlobalSection(ProjectConfigurationPlatforms) = postSolution
		{353587FE-812C-48E9-A95E-DE19DE21B088}.Debug|Any CPU.ActiveCfg = Debug|Any CPU
		{353587FE-812C-48E9-A95E-DE19DE21B088}.Debug|Any CPU.Build.0 = Debug|Any CPU
		{353587FE-812C-48E9-A95E-DE19DE21B088}.Release|Any CPU.ActiveCfg = Release|Any CPU
		{353587FE-812C-48E9-A95E-DE19DE21B088}.Release|Any CPU.Build.0 = Release|Any CPU
		{90046E48-CB37-476E-8473-B5E06F86CE5F}.Debug|Any CPU.ActiveCfg = Debug|Any CPU
		{90046E48-CB37-476E-8473-B5E06F86CE5F}.Debug|Any CPU.Build.0 = Debug|Any CPU
		{90046E48-CB37-476E-8473-B5E06F86CE5F}.Release|Any CPU.ActiveCfg = Release|Any CPU
		{90046E48-CB37-476E-8473-B5E06F86CE5F}.Release|Any CPU.Build.0 = Release|Any CPU
		{FFE358BA-BDFA-4770-8DFC-71958BB52D99}.Debug|Any CPU.ActiveCfg = Debug|Any CPU
		{FFE358BA-BDFA-4770-8DFC-71958BB52D99}.Debug|Any CPU.Build.0 = Debug|Any CPU
		{FFE358BA-BDFA-4770-8DFC-71958BB52D99}.Release|Any CPU.ActiveCfg = Release|Any CPU
		{FFE358BA-BDFA-4770-8DFC-71958BB52D99}.Release|Any CPU.Build.0 = Release|Any CPU
	EndGlobalSection
	GlobalSection(SolutionProperties) = preSolution
		HideSolutionNode = FALSE
	EndGlobalSection
	GlobalSection(ExtensibilityGlobals) = postSolution
		SolutionGuid = {C4838038-4D0B-4981-8C18-0FC2F22B04FD}
	EndGlobalSection
EndGlobal
